
Microsoft Visual Studio Solution File, Format Version 12.00
# Visual Studio Version 17
VisualStudioVersion = 17.14.36623.8 d17.14
MinimumVisualStudioVersion = 10.0.40219.1
Project("{8BC9CEB8-8B4A-11D0-8D11-00A0C91BC942}") = "3.4模板", "3.4模板.vcxproj", "{1CD7E662-02F8-46DD-AA28-4D2E1473B93F}"
EndProject
Global
	GlobalSection(SolutionConfigurationPlatforms) = preSolution
		Debug|x64 = Debug|x64
		Debug|x86 = Debug|x86
		Release|x64 = Release|x64
		Release|x86 = Release|x86
	EndGlobalSection
	GlobalSection(ProjectConfigurationPlatforms) = postSolution
		{1CD7E662-02F8-46DD-AA28-4D2E1473B93F}.Debug|x64.ActiveCfg = Debug|x64
		{1CD7E662-02F8-46DD-AA28-4D2E1473B93F}.Debug|x64.Build.0 = Debug|x64
		{1CD7E662-02F8-46DD-AA28-4D2E1473B93F}.Debug|x86.ActiveCfg = Debug|Win32
		{1CD7E662-02F8-46DD-AA28-4D2E1473B93F}.Debug|x86.Build.0 = Debug|Win32
		{1CD7E662-02F8-46DD-AA28-4D2E1473B93F}.Release|x64.ActiveCfg = Release|x64
		{1CD7E662-02F8-46DD-AA28-4D2E1473B93F}.Release|x64.Build.0 = Release|x64
		{1CD7E662-02F8-46DD-AA28-4D2E1473B93F}.Release|x86.ActiveCfg = Release|Win32
		{1CD7E662-02F8-46DD-AA28-4D2E1473B93F}.Release|x86.Build.0 = Release|Win32
	EndGlobalSection
	GlobalSection(SolutionProperties) = preSolution
		HideSolutionNode = FALSE
	EndGlobalSection
	GlobalSection(ExtensibilityGlobals) = postSolution
		SolutionGuid = {ECF44893-A1F2-43B5-896B-1ED888D23C0F}
	EndGlobalSection
EndGlobal
